
Microsoft Visual Studio Solution File, Format Version 12.00
# Visual Studio Version 16
VisualStudioVersion = 16.0.29230.47
MinimumVisualStudioVersion = 10.0.40219.1
Project("{FAE04EC0-301F-11D3-BF4B-00C04F79EFBC}") = "LinkedList", "LinkedList\LinkedList.csproj", "{BEBB6B64-1AEC-4CC3-8161-0FD36EF53C54}"
EndProject
Global
	GlobalSection(SolutionConfigurationPlatforms) = preSolution
		Debug|Any CPU = Debug|Any CPU
		Release|Any CPU = Release|Any CPU
	EndGlobalSection
	GlobalSection(ProjectConfigurationPlatforms) = postSolution
		{BEBB6B64-1AEC-4CC3-8161-0FD36EF53C54}.Debug|Any CPU.ActiveCfg = Debug|Any CPU
		{BEBB6B64-1AEC-4CC3-8161-0FD36EF53C54}.Debug|Any CPU.Build.0 = Debug|Any CPU
		{BEBB6B64-1AEC-4CC3-8161-0FD36EF53C54}.Release|Any CPU.ActiveCfg = Release|Any CPU
		{BEBB6B64-1AEC-4CC3-8161-0FD36EF53C54}.Release|Any CPU.Build.0 = Release|Any CPU
	EndGlobalSection
	GlobalSection(SolutionProperties) = preSolution
		HideSolutionNode = FALSE
	EndGlobalSection
	GlobalSection(ExtensibilityGlobals) = postSolution
		SolutionGuid = {BBD885B5-2385-4C26-A83C-7954A6F628CD}
	EndGlobalSection
EndGlobal
